// !$*UTF8*$!
{
	archiveVersion = 1;
	classes = {
	};
	objectVersion = 50;
	objects = {

/* Begin PBXBuildFile section */
		5D3516DE23B91A9E00894BB8 /* PreviewLoader.swift in Sources */ = {isa = PBXBuildFile; fileRef = 5D3516DD23B91A9E00894BB8 /* PreviewLoader.swift */; };
		5D3516DF23B91A9E00894BB8 /* PreviewLoader.swift in Sources */ = {isa = PBXBuildFile; fileRef = 5D3516DD23B91A9E00894BB8 /* PreviewLoader.swift */; };
		5D3516E023B91A9E00894BB8 /* PreviewLoader.swift in Sources */ = {isa = PBXBuildFile; fileRef = 5D3516DD23B91A9E00894BB8 /* PreviewLoader.swift */; };
		5D3516E223B91ADD00894BB8 /* ImageLoadable.swift in Sources */ = {isa = PBXBuildFile; fileRef = 5D3516E123B91ADD00894BB8 /* ImageLoadable.swift */; };
		5D3516E323B91ADD00894BB8 /* ImageLoadable.swift in Sources */ = {isa = PBXBuildFile; fileRef = 5D3516E123B91ADD00894BB8 /* ImageLoadable.swift */; };
		5D3516E423B91ADD00894BB8 /* ImageLoadable.swift in Sources */ = {isa = PBXBuildFile; fileRef = 5D3516E123B91ADD00894BB8 /* ImageLoadable.swift */; };
		5D3516E623B91B3A00894BB8 /* AsyncLoader.swift in Sources */ = {isa = PBXBuildFile; fileRef = 5D3516E523B91B3A00894BB8 /* AsyncLoader.swift */; };
		5D3516E723B91B3A00894BB8 /* AsyncLoader.swift in Sources */ = {isa = PBXBuildFile; fileRef = 5D3516E523B91B3A00894BB8 /* AsyncLoader.swift */; };
		5D3516E823B91B3A00894BB8 /* AsyncLoader.swift in Sources */ = {isa = PBXBuildFile; fileRef = 5D3516E523B91B3A00894BB8 /* AsyncLoader.swift */; };
		5D3516EA23B91B7F00894BB8 /* ImageResolver.swift in Sources */ = {isa = PBXBuildFile; fileRef = 5D3516E923B91B7F00894BB8 /* ImageResolver.swift */; };
		5D3516EB23B91B7F00894BB8 /* ImageResolver.swift in Sources */ = {isa = PBXBuildFile; fileRef = 5D3516E923B91B7F00894BB8 /* ImageResolver.swift */; };
		5D3516EC23B91B7F00894BB8 /* ImageResolver.swift in Sources */ = {isa = PBXBuildFile; fileRef = 5D3516E923B91B7F00894BB8 /* ImageResolver.swift */; };
		5D3516EE23B925CF00894BB8 /* MovieRow.swift in Sources */ = {isa = PBXBuildFile; fileRef = 5D3516ED23B925CF00894BB8 /* MovieRow.swift */; };
		5D3516EF23B925CF00894BB8 /* MovieRow.swift in Sources */ = {isa = PBXBuildFile; fileRef = 5D3516ED23B925CF00894BB8 /* MovieRow.swift */; };
		5D3516F023B925CF00894BB8 /* MovieRow.swift in Sources */ = {isa = PBXBuildFile; fileRef = 5D3516ED23B925CF00894BB8 /* MovieRow.swift */; };
		5D3516F723BA205E00894BB8 /* MovieList.swift in Sources */ = {isa = PBXBuildFile; fileRef = 5D3516F623BA205E00894BB8 /* MovieList.swift */; };
		5D3516F823BA205E00894BB8 /* MovieList.swift in Sources */ = {isa = PBXBuildFile; fileRef = 5D3516F623BA205E00894BB8 /* MovieList.swift */; };
		5D3516F923BA205E00894BB8 /* MovieList.swift in Sources */ = {isa = PBXBuildFile; fileRef = 5D3516F623BA205E00894BB8 /* MovieList.swift */; };
		5D3516FB23BB88D000894BB8 /* EnvironmentConfig.swift in Sources */ = {isa = PBXBuildFile; fileRef = 5D3516FA23BB88D000894BB8 /* EnvironmentConfig.swift */; };
		5D3516FC23BB88D000894BB8 /* EnvironmentConfig.swift in Sources */ = {isa = PBXBuildFile; fileRef = 5D3516FA23BB88D000894BB8 /* EnvironmentConfig.swift */; };
		5D3516FD23BB88D000894BB8 /* EnvironmentConfig.swift in Sources */ = {isa = PBXBuildFile; fileRef = 5D3516FA23BB88D000894BB8 /* EnvironmentConfig.swift */; };
		5D35170D23BE0B2500894BB8 /* movies.json in Resources */ = {isa = PBXBuildFile; fileRef = 5D35170C23BE0B2500894BB8 /* movies.json */; };
		5D35171723BE453000894BB8 /* MovieResponse.swift in Sources */ = {isa = PBXBuildFile; fileRef = 5D35171323BE452F00894BB8 /* MovieResponse.swift */; };
		5D35171823BE453000894BB8 /* MovieResponse.swift in Sources */ = {isa = PBXBuildFile; fileRef = 5D35171323BE452F00894BB8 /* MovieResponse.swift */; };
		5D35171923BE453000894BB8 /* MovieResponse.swift in Sources */ = {isa = PBXBuildFile; fileRef = 5D35171323BE452F00894BB8 /* MovieResponse.swift */; };
		5D35171A23BE453000894BB8 /* Movie.swift in Sources */ = {isa = PBXBuildFile; fileRef = 5D35171423BE452F00894BB8 /* Movie.swift */; };
		5D35171B23BE453000894BB8 /* Movie.swift in Sources */ = {isa = PBXBuildFile; fileRef = 5D35171423BE452F00894BB8 /* Movie.swift */; };
		5D35171C23BE453000894BB8 /* Movie.swift in Sources */ = {isa = PBXBuildFile; fileRef = 5D35171423BE452F00894BB8 /* Movie.swift */; };
		5D35171D23BE453000894BB8 /* PreviewData.swift in Sources */ = {isa = PBXBuildFile; fileRef = 5D35171523BE452F00894BB8 /* PreviewData.swift */; };
		5D35171E23BE453000894BB8 /* PreviewData.swift in Sources */ = {isa = PBXBuildFile; fileRef = 5D35171523BE452F00894BB8 /* PreviewData.swift */; };
		5D35171F23BE453000894BB8 /* PreviewData.swift in Sources */ = {isa = PBXBuildFile; fileRef = 5D35171523BE452F00894BB8 /* PreviewData.swift */; };
		5D35172023BE453000894BB8 /* MovieCollection.swift in Sources */ = {isa = PBXBuildFile; fileRef = 5D35171623BE452F00894BB8 /* MovieCollection.swift */; };
		5D35172123BE453000894BB8 /* MovieCollection.swift in Sources */ = {isa = PBXBuildFile; fileRef = 5D35171623BE452F00894BB8 /* MovieCollection.swift */; };
		5D35172223BE453000894BB8 /* MovieCollection.swift in Sources */ = {isa = PBXBuildFile; fileRef = 5D35171623BE452F00894BB8 /* MovieCollection.swift */; };
		5D35172423BE458600894BB8 /* AppSecrets.swift in Sources */ = {isa = PBXBuildFile; fileRef = 5D35172323BE458600894BB8 /* AppSecrets.swift */; };
		5D35172523BE458600894BB8 /* AppSecrets.swift in Sources */ = {isa = PBXBuildFile; fileRef = 5D35172323BE458600894BB8 /* AppSecrets.swift */; };
		5D35172623BE458600894BB8 /* AppSecrets.swift in Sources */ = {isa = PBXBuildFile; fileRef = 5D35172323BE458600894BB8 /* AppSecrets.swift */; };
		5D35172823BF3D3C00894BB8 /* AppSecrets.sample.swift in Sources */ = {isa = PBXBuildFile; fileRef = 5D35172723BF3D3C00894BB8 /* AppSecrets.sample.swift */; };
		5D35172923BF3D3C00894BB8 /* AppSecrets.sample.swift in Sources */ = {isa = PBXBuildFile; fileRef = 5D35172723BF3D3C00894BB8 /* AppSecrets.sample.swift */; };
		5D35172A23BF3D3C00894BB8 /* AppSecrets.sample.swift in Sources */ = {isa = PBXBuildFile; fileRef = 5D35172723BF3D3C00894BB8 /* AppSecrets.sample.swift */; };
		5D35172C23BF6C9F00894BB8 /* Decoder.swift in Sources */ = {isa = PBXBuildFile; fileRef = 5D35172B23BF6C9F00894BB8 /* Decoder.swift */; };
		5D35172D23BF6C9F00894BB8 /* Decoder.swift in Sources */ = {isa = PBXBuildFile; fileRef = 5D35172B23BF6C9F00894BB8 /* Decoder.swift */; };
		5D35172E23BF6C9F00894BB8 /* Decoder.swift in Sources */ = {isa = PBXBuildFile; fileRef = 5D35172B23BF6C9F00894BB8 /* Decoder.swift */; };
		5D35173023BFA7D400894BB8 /* MoviePoster.swift in Sources */ = {isa = PBXBuildFile; fileRef = 5D35172F23BFA7D400894BB8 /* MoviePoster.swift */; };
		5D35173123BFA7D400894BB8 /* MoviePoster.swift in Sources */ = {isa = PBXBuildFile; fileRef = 5D35172F23BFA7D400894BB8 /* MoviePoster.swift */; };
		5D35173223BFA7D400894BB8 /* MoviePoster.swift in Sources */ = {isa = PBXBuildFile; fileRef = 5D35172F23BFA7D400894BB8 /* MoviePoster.swift */; };
		5D35173623BFBE3C00894BB8 /* MovieDetails.swift in Sources */ = {isa = PBXBuildFile; fileRef = 5D35173523BFBE3C00894BB8 /* MovieDetails.swift */; };
		5D35173723BFBE3C00894BB8 /* MovieDetails.swift in Sources */ = {isa = PBXBuildFile; fileRef = 5D35173523BFBE3C00894BB8 /* MovieDetails.swift */; };
		5D35173823BFBE3C00894BB8 /* MovieDetails.swift in Sources */ = {isa = PBXBuildFile; fileRef = 5D35173523BFBE3C00894BB8 /* MovieDetails.swift */; };
		5D35173B23BFDDAB00894BB8 /* TMDBImages.swift in Sources */ = {isa = PBXBuildFile; fileRef = 5D35173A23BFDDAB00894BB8 /* TMDBImages.swift */; };
		5D35173C23BFDDAB00894BB8 /* TMDBImages.swift in Sources */ = {isa = PBXBuildFile; fileRef = 5D35173A23BFDDAB00894BB8 /* TMDBImages.swift */; };
		5D35173D23BFDDAB00894BB8 /* TMDBImages.swift in Sources */ = {isa = PBXBuildFile; fileRef = 5D35173A23BFDDAB00894BB8 /* TMDBImages.swift */; };
		5D35173F23BFDEA900894BB8 /* TMDBService.swift in Sources */ = {isa = PBXBuildFile; fileRef = 5D35173E23BFDEA900894BB8 /* TMDBService.swift */; };
		5D35174023BFDEA900894BB8 /* TMDBService.swift in Sources */ = {isa = PBXBuildFile; fileRef = 5D35173E23BFDEA900894BB8 /* TMDBService.swift */; };
		5D35174123BFDEA900894BB8 /* TMDBService.swift in Sources */ = {isa = PBXBuildFile; fileRef = 5D35173E23BFDEA900894BB8 /* TMDBService.swift */; };
		5D35174723C0122E00894BB8 /* movie_details.json in Resources */ = {isa = PBXBuildFile; fileRef = 5D35174623C0122E00894BB8 /* movie_details.json */; };
		5D35174823C0122E00894BB8 /* movie_details.json in Resources */ = {isa = PBXBuildFile; fileRef = 5D35174623C0122E00894BB8 /* movie_details.json */; };
		5D35174923C0122E00894BB8 /* movie_details.json in Resources */ = {isa = PBXBuildFile; fileRef = 5D35174623C0122E00894BB8 /* movie_details.json */; };
		5D35174C23C015D400894BB8 /* MovieDetail.swift in Sources */ = {isa = PBXBuildFile; fileRef = 5D35174B23C015D400894BB8 /* MovieDetail.swift */; };
		5D35174D23C015D400894BB8 /* MovieDetail.swift in Sources */ = {isa = PBXBuildFile; fileRef = 5D35174B23C015D400894BB8 /* MovieDetail.swift */; };
		5D35174E23C015D400894BB8 /* MovieDetail.swift in Sources */ = {isa = PBXBuildFile; fileRef = 5D35174B23C015D400894BB8 /* MovieDetail.swift */; };
		5D35175023C0161100894BB8 /* MovieBackdrop.swift in Sources */ = {isa = PBXBuildFile; fileRef = 5D35174F23C0161100894BB8 /* MovieBackdrop.swift */; };
		5D35175123C0161100894BB8 /* MovieBackdrop.swift in Sources */ = {isa = PBXBuildFile; fileRef = 5D35174F23C0161100894BB8 /* MovieBackdrop.swift */; };
		5D35175223C0161100894BB8 /* MovieBackdrop.swift in Sources */ = {isa = PBXBuildFile; fileRef = 5D35174F23C0161100894BB8 /* MovieBackdrop.swift */; };
		5D35175D23C0FE2300894BB8 /* SummaryCard.swift in Sources */ = {isa = PBXBuildFile; fileRef = 5D35175C23C0FE2300894BB8 /* SummaryCard.swift */; };
		5D35175E23C0FE2300894BB8 /* SummaryCard.swift in Sources */ = {isa = PBXBuildFile; fileRef = 5D35175C23C0FE2300894BB8 /* SummaryCard.swift */; };
		5D35175F23C0FE2300894BB8 /* SummaryCard.swift in Sources */ = {isa = PBXBuildFile; fileRef = 5D35175C23C0FE2300894BB8 /* SummaryCard.swift */; };
		5D9B292823B610A300589EAB /* AppDelegate.swift in Sources */ = {isa = PBXBuildFile; fileRef = 5D9B292723B610A300589EAB /* AppDelegate.swift */; };
		5D9B292A23B610A300589EAB /* SceneDelegate.swift in Sources */ = {isa = PBXBuildFile; fileRef = 5D9B292923B610A300589EAB /* SceneDelegate.swift */; };
		5D9B292C23B610A300589EAB /* ContentView.swift in Sources */ = {isa = PBXBuildFile; fileRef = 5D9B292B23B610A300589EAB /* ContentView.swift */; };
		5D9B292E23B610A800589EAB /* Assets.xcassets in Resources */ = {isa = PBXBuildFile; fileRef = 5D9B292D23B610A800589EAB /* Assets.xcassets */; };
		5D9B293123B610A800589EAB /* Preview Assets.xcassets in Resources */ = {isa = PBXBuildFile; fileRef = 5D9B293023B610A800589EAB /* Preview Assets.xcassets */; };
		5D9B293423B610A800589EAB /* LaunchScreen.storyboard in Resources */ = {isa = PBXBuildFile; fileRef = 5D9B293223B610A800589EAB /* LaunchScreen.storyboard */; };
		5D9B293F23B610A800589EAB /* ImageLoaderTests.swift in Sources */ = {isa = PBXBuildFile; fileRef = 5D9B293E23B610A800589EAB /* ImageLoaderTests.swift */; };
		5D9B294A23B610A800589EAB /* ImageLoaderUITests.swift in Sources */ = {isa = PBXBuildFile; fileRef = 5D9B294923B610A800589EAB /* ImageLoaderUITests.swift */; };
/* End PBXBuildFile section */

/* Begin PBXContainerItemProxy section */
		5D9B293B23B610A800589EAB /* PBXContainerItemProxy */ = {
			isa = PBXContainerItemProxy;
			containerPortal = 5D9B291C23B610A300589EAB /* Project object */;
			proxyType = 1;
			remoteGlobalIDString = 5D9B292323B610A300589EAB;
			remoteInfo = ImageLoader;
		};
		5D9B294623B610A800589EAB /* PBXContainerItemProxy */ = {
			isa = PBXContainerItemProxy;
			containerPortal = 5D9B291C23B610A300589EAB /* Project object */;
			proxyType = 1;
			remoteGlobalIDString = 5D9B292323B610A300589EAB;
			remoteInfo = ImageLoader;
		};
/* End PBXContainerItemProxy section */

/* Begin PBXFileReference section */
		5D3516DD23B91A9E00894BB8 /* PreviewLoader.swift */ = {isa = PBXFileReference; lastKnownFileType = sourcecode.swift; path = PreviewLoader.swift; sourceTree = "<group>"; };
		5D3516E123B91ADD00894BB8 /* ImageLoadable.swift */ = {isa = PBXFileReference; lastKnownFileType = sourcecode.swift; path = ImageLoadable.swift; sourceTree = "<group>"; };
		5D3516E523B91B3A00894BB8 /* AsyncLoader.swift */ = {isa = PBXFileReference; lastKnownFileType = sourcecode.swift; path = AsyncLoader.swift; sourceTree = "<group>"; };
		5D3516E923B91B7F00894BB8 /* ImageResolver.swift */ = {isa = PBXFileReference; lastKnownFileType = sourcecode.swift; path = ImageResolver.swift; sourceTree = "<group>"; };
		5D3516ED23B925CF00894BB8 /* MovieRow.swift */ = {isa = PBXFileReference; lastKnownFileType = sourcecode.swift; path = MovieRow.swift; sourceTree = "<group>"; };
		5D3516F623BA205E00894BB8 /* MovieList.swift */ = {isa = PBXFileReference; lastKnownFileType = sourcecode.swift; path = MovieList.swift; sourceTree = "<group>"; };
		5D3516FA23BB88D000894BB8 /* EnvironmentConfig.swift */ = {isa = PBXFileReference; lastKnownFileType = sourcecode.swift; path = EnvironmentConfig.swift; sourceTree = "<group>"; };
		5D35170C23BE0B2500894BB8 /* movies.json */ = {isa = PBXFileReference; fileEncoding = 4; lastKnownFileType = text.json; path = movies.json; sourceTree = "<group>"; };
		5D35171323BE452F00894BB8 /* MovieResponse.swift */ = {isa = PBXFileReference; fileEncoding = 4; lastKnownFileType = sourcecode.swift; path = MovieResponse.swift; sourceTree = "<group>"; };
		5D35171423BE452F00894BB8 /* Movie.swift */ = {isa = PBXFileReference; fileEncoding = 4; lastKnownFileType = sourcecode.swift; path = Movie.swift; sourceTree = "<group>"; };
		5D35171523BE452F00894BB8 /* PreviewData.swift */ = {isa = PBXFileReference; fileEncoding = 4; lastKnownFileType = sourcecode.swift; path = PreviewData.swift; sourceTree = "<group>"; };
		5D35171623BE452F00894BB8 /* MovieCollection.swift */ = {isa = PBXFileReference; fileEncoding = 4; lastKnownFileType = sourcecode.swift; path = MovieCollection.swift; sourceTree = "<group>"; };
		5D35172323BE458600894BB8 /* AppSecrets.swift */ = {isa = PBXFileReference; lastKnownFileType = sourcecode.swift; path = AppSecrets.swift; sourceTree = "<group>"; };
		5D35172723BF3D3C00894BB8 /* AppSecrets.sample.swift */ = {isa = PBXFileReference; lastKnownFileType = sourcecode.swift; path = AppSecrets.sample.swift; sourceTree = "<group>"; };
		5D35172B23BF6C9F00894BB8 /* Decoder.swift */ = {isa = PBXFileReference; lastKnownFileType = sourcecode.swift; path = Decoder.swift; sourceTree = "<group>"; };
		5D35172F23BFA7D400894BB8 /* MoviePoster.swift */ = {isa = PBXFileReference; lastKnownFileType = sourcecode.swift; path = MoviePoster.swift; sourceTree = "<group>"; };
		5D35173523BFBE3C00894BB8 /* MovieDetails.swift */ = {isa = PBXFileReference; lastKnownFileType = sourcecode.swift; path = MovieDetails.swift; sourceTree = "<group>"; };
		5D35173A23BFDDAB00894BB8 /* TMDBImages.swift */ = {isa = PBXFileReference; lastKnownFileType = sourcecode.swift; path = TMDBImages.swift; sourceTree = "<group>"; };
		5D35173E23BFDEA900894BB8 /* TMDBService.swift */ = {isa = PBXFileReference; lastKnownFileType = sourcecode.swift; path = TMDBService.swift; sourceTree = "<group>"; };
		5D35174623C0122E00894BB8 /* movie_details.json */ = {isa = PBXFileReference; fileEncoding = 4; lastKnownFileType = text.json; path = movie_details.json; sourceTree = "<group>"; };
		5D35174B23C015D400894BB8 /* MovieDetail.swift */ = {isa = PBXFileReference; lastKnownFileType = sourcecode.swift; path = MovieDetail.swift; sourceTree = "<group>"; };
		5D35174F23C0161100894BB8 /* MovieBackdrop.swift */ = {isa = PBXFileReference; lastKnownFileType = sourcecode.swift; path = MovieBackdrop.swift; sourceTree = "<group>"; };
		5D35175C23C0FE2300894BB8 /* SummaryCard.swift */ = {isa = PBXFileReference; lastKnownFileType = sourcecode.swift; path = SummaryCard.swift; sourceTree = "<group>"; };
		5D9B292423B610A300589EAB /* ImageLoader.app */ = {isa = PBXFileReference; explicitFileType = wrapper.application; includeInIndex = 0; path = ImageLoader.app; sourceTree = BUILT_PRODUCTS_DIR; };
		5D9B292723B610A300589EAB /* AppDelegate.swift */ = {isa = PBXFileReference; lastKnownFileType = sourcecode.swift; path = AppDelegate.swift; sourceTree = "<group>"; };
		5D9B292923B610A300589EAB /* SceneDelegate.swift */ = {isa = PBXFileReference; lastKnownFileType = sourcecode.swift; path = SceneDelegate.swift; sourceTree = "<group>"; };
		5D9B292B23B610A300589EAB /* ContentView.swift */ = {isa = PBXFileReference; lastKnownFileType = sourcecode.swift; path = ContentView.swift; sourceTree = "<group>"; };
		5D9B292D23B610A800589EAB /* Assets.xcassets */ = {isa = PBXFileReference; lastKnownFileType = folder.assetcatalog; path = Assets.xcassets; sourceTree = "<group>"; };
		5D9B293023B610A800589EAB /* Preview Assets.xcassets */ = {isa = PBXFileReference; lastKnownFileType = folder.assetcatalog; path = "Preview Assets.xcassets"; sourceTree = "<group>"; };
		5D9B293323B610A800589EAB /* Base */ = {isa = PBXFileReference; lastKnownFileType = file.storyboard; name = Base; path = Base.lproj/LaunchScreen.storyboard; sourceTree = "<group>"; };
		5D9B293523B610A800589EAB /* Info.plist */ = {isa = PBXFileReference; lastKnownFileType = text.plist.xml; path = Info.plist; sourceTree = "<group>"; };
		5D9B293A23B610A800589EAB /* ImageLoaderTests.xctest */ = {isa = PBXFileReference; explicitFileType = wrapper.cfbundle; includeInIndex = 0; path = ImageLoaderTests.xctest; sourceTree = BUILT_PRODUCTS_DIR; };
		5D9B293E23B610A800589EAB /* ImageLoaderTests.swift */ = {isa = PBXFileReference; lastKnownFileType = sourcecode.swift; path = ImageLoaderTests.swift; sourceTree = "<group>"; };
		5D9B294023B610A800589EAB /* Info.plist */ = {isa = PBXFileReference; lastKnownFileType = text.plist.xml; path = Info.plist; sourceTree = "<group>"; };
		5D9B294523B610A800589EAB /* ImageLoaderUITests.xctest */ = {isa = PBXFileReference; explicitFileType = wrapper.cfbundle; includeInIndex = 0; path = ImageLoaderUITests.xctest; sourceTree = BUILT_PRODUCTS_DIR; };
		5D9B294923B610A800589EAB /* ImageLoaderUITests.swift */ = {isa = PBXFileReference; lastKnownFileType = sourcecode.swift; path = ImageLoaderUITests.swift; sourceTree = "<group>"; };
		5D9B294B23B610A800589EAB /* Info.plist */ = {isa = PBXFileReference; lastKnownFileType = text.plist.xml; path = Info.plist; sourceTree = "<group>"; };
/* End PBXFileReference section */

/* Begin PBXFrameworksBuildPhase section */
		5D9B292123B610A300589EAB /* Frameworks */ = {
			isa = PBXFrameworksBuildPhase;
			buildActionMask = 2147483647;
			files = (
			);
			runOnlyForDeploymentPostprocessing = 0;
		};
		5D9B293723B610A800589EAB /* Frameworks */ = {
			isa = PBXFrameworksBuildPhase;
			buildActionMask = 2147483647;
			files = (
			);
			runOnlyForDeploymentPostprocessing = 0;
		};
		5D9B294223B610A800589EAB /* Frameworks */ = {
			isa = PBXFrameworksBuildPhase;
			buildActionMask = 2147483647;
			files = (
			);
			runOnlyForDeploymentPostprocessing = 0;
		};
/* End PBXFrameworksBuildPhase section */

/* Begin PBXGroup section */
		5D3516DC23B91A6E00894BB8 /* AsyncImage */ = {
			isa = PBXGroup;
			children = (
				5D35173A23BFDDAB00894BB8 /* TMDBImages.swift */,
				5D3516E123B91ADD00894BB8 /* ImageLoadable.swift */,
				5D3516E523B91B3A00894BB8 /* AsyncLoader.swift */,
				5D3516E923B91B7F00894BB8 /* ImageResolver.swift */,
			);
			path = AsyncImage;
			sourceTree = "<group>";
		};
		5D35171223BE44F000894BB8 /* Models */ = {
			isa = PBXGroup;
			children = (
				5D35171423BE452F00894BB8 /* Movie.swift */,
				5D35171323BE452F00894BB8 /* MovieResponse.swift */,
				5D35172B23BF6C9F00894BB8 /* Decoder.swift */,
			);
			path = Models;
			sourceTree = "<group>";
		};
		5D35173323BFBDB200894BB8 /* ViewModels */ = {
			isa = PBXGroup;
			children = (
				5D35173523BFBE3C00894BB8 /* MovieDetails.swift */,
				5D35171623BE452F00894BB8 /* MovieCollection.swift */,
			);
			path = ViewModels;
			sourceTree = "<group>";
		};
		5D35173423BFBDD500894BB8 /* PreviewSupport */ = {
			isa = PBXGroup;
			children = (
				5D3516FA23BB88D000894BB8 /* EnvironmentConfig.swift */,
				5D35171523BE452F00894BB8 /* PreviewData.swift */,
				5D3516DD23B91A9E00894BB8 /* PreviewLoader.swift */,
			);
			path = PreviewSupport;
			sourceTree = "<group>";
		};
		5D35173923BFDC5D00894BB8 /* Services */ = {
			isa = PBXGroup;
			children = (
				5D35173E23BFDEA900894BB8 /* TMDBService.swift */,
			);
			path = Services;
			sourceTree = "<group>";
		};
		5D35174A23C0158B00894BB8 /* Views */ = {
			isa = PBXGroup;
			children = (
				5D9B292B23B610A300589EAB /* ContentView.swift */,
				5D35175B23C0FDA600894BB8 /* Movie Details */,
				5D35172F23BFA7D400894BB8 /* MoviePoster.swift */,
				5D3516ED23B925CF00894BB8 /* MovieRow.swift */,
				5D3516F623BA205E00894BB8 /* MovieList.swift */,
			);
			path = Views;
			sourceTree = "<group>";
		};
		5D35175B23C0FDA600894BB8 /* Movie Details */ = {
			isa = PBXGroup;
			children = (
				5D35174B23C015D400894BB8 /* MovieDetail.swift */,
				5D35174F23C0161100894BB8 /* MovieBackdrop.swift */,
				5D35175C23C0FE2300894BB8 /* SummaryCard.swift */,
			);
			path = "Movie Details";
			sourceTree = "<group>";
		};
		5D9B291B23B610A300589EAB = {
			isa = PBXGroup;
			children = (
				5D9B292623B610A300589EAB /* ImageLoader */,
				5D9B293D23B610A800589EAB /* ImageLoaderTests */,
				5D9B294823B610A800589EAB /* ImageLoaderUITests */,
				5D9B292523B610A300589EAB /* Products */,
			);
			sourceTree = "<group>";
		};
		5D9B292523B610A300589EAB /* Products */ = {
			isa = PBXGroup;
			children = (
				5D9B292423B610A300589EAB /* ImageLoader.app */,
				5D9B293A23B610A800589EAB /* ImageLoaderTests.xctest */,
				5D9B294523B610A800589EAB /* ImageLoaderUITests.xctest */,
			);
			name = Products;
			sourceTree = "<group>";
		};
		5D9B292623B610A300589EAB /* ImageLoader */ = {
			isa = PBXGroup;
			children = (
				5D35173423BFBDD500894BB8 /* PreviewSupport */,
				5D3516DC23B91A6E00894BB8 /* AsyncImage */,
				5D35173923BFDC5D00894BB8 /* Services */,
				5D35173323BFBDB200894BB8 /* ViewModels */,
				5D35171223BE44F000894BB8 /* Models */,
				5D35174A23C0158B00894BB8 /* Views */,
				5D9B292723B610A300589EAB /* AppDelegate.swift */,
				5D9B292923B610A300589EAB /* SceneDelegate.swift */,
				5D9B292D23B610A800589EAB /* Assets.xcassets */,
				5D9B293223B610A800589EAB /* LaunchScreen.storyboard */,
				5D9B293523B610A800589EAB /* Info.plist */,
				5D9B292F23B610A800589EAB /* Preview Content */,
				5D35172323BE458600894BB8 /* AppSecrets.swift */,
				5D35172723BF3D3C00894BB8 /* AppSecrets.sample.swift */,
			);
			path = ImageLoader;
			sourceTree = "<group>";
		};
		5D9B292F23B610A800589EAB /* Preview Content */ = {
			isa = PBXGroup;
			children = (
				5D35170C23BE0B2500894BB8 /* movies.json */,
				5D35174623C0122E00894BB8 /* movie_details.json */,
				5D9B293023B610A800589EAB /* Preview Assets.xcassets */,
			);
			path = "Preview Content";
			sourceTree = "<group>";
		};
		5D9B293D23B610A800589EAB /* ImageLoaderTests */ = {
			isa = PBXGroup;
			children = (
				5D9B293E23B610A800589EAB /* ImageLoaderTests.swift */,
				5D9B294023B610A800589EAB /* Info.plist */,
			);
			path = ImageLoaderTests;
			sourceTree = "<group>";
		};
		5D9B294823B610A800589EAB /* ImageLoaderUITests */ = {
			isa = PBXGroup;
			children = (
				5D9B294923B610A800589EAB /* ImageLoaderUITests.swift */,
				5D9B294B23B610A800589EAB /* Info.plist */,
			);
			path = ImageLoaderUITests;
			sourceTree = "<group>";
		};
/* End PBXGroup section */

/* Begin PBXNativeTarget section */
		5D9B292323B610A300589EAB /* ImageLoader */ = {
			isa = PBXNativeTarget;
			buildConfigurationList = 5D9B294E23B610A800589EAB /* Build configuration list for PBXNativeTarget "ImageLoader" */;
			buildPhases = (
				5D9B292023B610A300589EAB /* Sources */,
				5D9B292123B610A300589EAB /* Frameworks */,
				5D9B292223B610A300589EAB /* Resources */,
			);
			buildRules = (
			);
			dependencies = (
			);
			name = ImageLoader;
			productName = ImageLoader;
			productReference = 5D9B292423B610A300589EAB /* ImageLoader.app */;
			productType = "com.apple.product-type.application";
		};
		5D9B293923B610A800589EAB /* ImageLoaderTests */ = {
			isa = PBXNativeTarget;
			buildConfigurationList = 5D9B295123B610A800589EAB /* Build configuration list for PBXNativeTarget "ImageLoaderTests" */;
			buildPhases = (
				5D9B293623B610A800589EAB /* Sources */,
				5D9B293723B610A800589EAB /* Frameworks */,
				5D9B293823B610A800589EAB /* Resources */,
			);
			buildRules = (
			);
			dependencies = (
				5D9B293C23B610A800589EAB /* PBXTargetDependency */,
			);
			name = ImageLoaderTests;
			productName = ImageLoaderTests;
			productReference = 5D9B293A23B610A800589EAB /* ImageLoaderTests.xctest */;
			productType = "com.apple.product-type.bundle.unit-test";
		};
		5D9B294423B610A800589EAB /* ImageLoaderUITests */ = {
			isa = PBXNativeTarget;
			buildConfigurationList = 5D9B295423B610A800589EAB /* Build configuration list for PBXNativeTarget "ImageLoaderUITests" */;
			buildPhases = (
				5D9B294123B610A800589EAB /* Sources */,
				5D9B294223B610A800589EAB /* Frameworks */,
				5D9B294323B610A800589EAB /* Resources */,
			);
			buildRules = (
			);
			dependencies = (
				5D9B294723B610A800589EAB /* PBXTargetDependency */,
			);
			name = ImageLoaderUITests;
			productName = ImageLoaderUITests;
			productReference = 5D9B294523B610A800589EAB /* ImageLoaderUITests.xctest */;
			productType = "com.apple.product-type.bundle.ui-testing";
		};
/* End PBXNativeTarget section */

/* Begin PBXProject section */
		5D9B291C23B610A300589EAB /* Project object */ = {
			isa = PBXProject;
			attributes = {
				LastSwiftUpdateCheck = 1130;
				LastUpgradeCheck = 1130;
				ORGANIZATIONNAME = "Kerem Karatal";
				TargetAttributes = {
					5D9B292323B610A300589EAB = {
						CreatedOnToolsVersion = 11.3;
					};
					5D9B293923B610A800589EAB = {
						CreatedOnToolsVersion = 11.3;
						TestTargetID = 5D9B292323B610A300589EAB;
					};
					5D9B294423B610A800589EAB = {
						CreatedOnToolsVersion = 11.3;
						TestTargetID = 5D9B292323B610A300589EAB;
					};
				};
			};
			buildConfigurationList = 5D9B291F23B610A300589EAB /* Build configuration list for PBXProject "ImageLoader" */;
			compatibilityVersion = "Xcode 9.3";
			developmentRegion = en;
			hasScannedForEncodings = 0;
			knownRegions = (
				en,
				Base,
			);
			mainGroup = 5D9B291B23B610A300589EAB;
			productRefGroup = 5D9B292523B610A300589EAB /* Products */;
			projectDirPath = "";
			projectRoot = "";
			targets = (
				5D9B292323B610A300589EAB /* ImageLoader */,
				5D9B293923B610A800589EAB /* ImageLoaderTests */,
				5D9B294423B610A800589EAB /* ImageLoaderUITests */,
			);
		};
/* End PBXProject section */

/* Begin PBXResourcesBuildPhase section */
		5D9B292223B610A300589EAB /* Resources */ = {
			isa = PBXResourcesBuildPhase;
			buildActionMask = 2147483647;
			files = (
				5D9B293423B610A800589EAB /* LaunchScreen.storyboard in Resources */,
				5D9B293123B610A800589EAB /* Preview Assets.xcassets in Resources */,
				5D35174723C0122E00894BB8 /* movie_details.json in Resources */,
				5D35170D23BE0B2500894BB8 /* movies.json in Resources */,
				5D9B292E23B610A800589EAB /* Assets.xcassets in Resources */,
			);
			runOnlyForDeploymentPostprocessing = 0;
		};
		5D9B293823B610A800589EAB /* Resources */ = {
			isa = PBXResourcesBuildPhase;
			buildActionMask = 2147483647;
			files = (
				5D35174823C0122E00894BB8 /* movie_details.json in Resources */,
			);
			runOnlyForDeploymentPostprocessing = 0;
		};
		5D9B294323B610A800589EAB /* Resources */ = {
			isa = PBXResourcesBuildPhase;
			buildActionMask = 2147483647;
			files = (
				5D35174923C0122E00894BB8 /* movie_details.json in Resources */,
			);
			runOnlyForDeploymentPostprocessing = 0;
		};
/* End PBXResourcesBuildPhase section */

/* Begin PBXSourcesBuildPhase section */
		5D9B292023B610A300589EAB /* Sources */ = {
			isa = PBXSourcesBuildPhase;
			buildActionMask = 2147483647;
			files = (
				5D35171A23BE453000894BB8 /* Movie.swift in Sources */,
				5D35171723BE453000894BB8 /* MovieResponse.swift in Sources */,
				5D9B292823B610A300589EAB /* AppDelegate.swift in Sources */,
				5D3516E223B91ADD00894BB8 /* ImageLoadable.swift in Sources */,
				5D35173B23BFDDAB00894BB8 /* TMDBImages.swift in Sources */,
				5D35172C23BF6C9F00894BB8 /* Decoder.swift in Sources */,
				5D35171D23BE453000894BB8 /* PreviewData.swift in Sources */,
				5D35172423BE458600894BB8 /* AppSecrets.swift in Sources */,
				5D3516EA23B91B7F00894BB8 /* ImageResolver.swift in Sources */,
				5D35172823BF3D3C00894BB8 /* AppSecrets.sample.swift in Sources */,
				5D3516E623B91B3A00894BB8 /* AsyncLoader.swift in Sources */,
				5D3516F723BA205E00894BB8 /* MovieList.swift in Sources */,
				5D35175D23C0FE2300894BB8 /* SummaryCard.swift in Sources */,
				5D35173F23BFDEA900894BB8 /* TMDBService.swift in Sources */,
				5D35173023BFA7D400894BB8 /* MoviePoster.swift in Sources */,
				5D3516DE23B91A9E00894BB8 /* PreviewLoader.swift in Sources */,
				5D9B292A23B610A300589EAB /* SceneDelegate.swift in Sources */,
				5D3516FB23BB88D000894BB8 /* EnvironmentConfig.swift in Sources */,
				5D3516EE23B925CF00894BB8 /* MovieRow.swift in Sources */,
				5D35175023C0161100894BB8 /* MovieBackdrop.swift in Sources */,
				5D9B292C23B610A300589EAB /* ContentView.swift in Sources */,
				5D35173623BFBE3C00894BB8 /* MovieDetails.swift in Sources */,
				5D35172023BE453000894BB8 /* MovieCollection.swift in Sources */,
				5D35174C23C015D400894BB8 /* MovieDetail.swift in Sources */,
			);
			runOnlyForDeploymentPostprocessing = 0;
		};
		5D9B293623B610A800589EAB /* Sources */ = {
			isa = PBXSourcesBuildPhase;
			buildActionMask = 2147483647;
			files = (
				5D3516F823BA205E00894BB8 /* MovieList.swift in Sources */,
				5D35173723BFBE3C00894BB8 /* MovieDetails.swift in Sources */,
				5D35175E23C0FE2300894BB8 /* SummaryCard.swift in Sources */,
				5D35172123BE453000894BB8 /* MovieCollection.swift in Sources */,
				5D35171823BE453000894BB8 /* MovieResponse.swift in Sources */,
				5D3516E723B91B3A00894BB8 /* AsyncLoader.swift in Sources */,
				5D35172923BF3D3C00894BB8 /* AppSecrets.sample.swift in Sources */,
				5D3516DF23B91A9E00894BB8 /* PreviewLoader.swift in Sources */,
				5D35174D23C015D400894BB8 /* MovieDetail.swift in Sources */,
				5D3516EB23B91B7F00894BB8 /* ImageResolver.swift in Sources */,
				5D35173C23BFDDAB00894BB8 /* TMDBImages.swift in Sources */,
				5D35175123C0161100894BB8 /* MovieBackdrop.swift in Sources */,
				5D3516E323B91ADD00894BB8 /* ImageLoadable.swift in Sources */,
				5D3516EF23B925CF00894BB8 /* MovieRow.swift in Sources */,
				5D35171E23BE453000894BB8 /* PreviewData.swift in Sources */,
				5D3516FC23BB88D000894BB8 /* EnvironmentConfig.swift in Sources */,
				5D35172523BE458600894BB8 /* AppSecrets.swift in Sources */,
				5D35171B23BE453000894BB8 /* Movie.swift in Sources */,
				5D35172D23BF6C9F00894BB8 /* Decoder.swift in Sources */,
				5D9B293F23B610A800589EAB /* ImageLoaderTests.swift in Sources */,
				5D35174023BFDEA900894BB8 /* TMDBService.swift in Sources */,
				5D35173123BFA7D400894BB8 /* MoviePoster.swift in Sources */,
			);
			runOnlyForDeploymentPostprocessing = 0;
		};
		5D9B294123B610A800589EAB /* Sources */ = {
			isa = PBXSourcesBuildPhase;
			buildActionMask = 2147483647;
			files = (
				5D3516F923BA205E00894BB8 /* MovieList.swift in Sources */,
				5D35173823BFBE3C00894BB8 /* MovieDetails.swift in Sources */,
				5D35175F23C0FE2300894BB8 /* SummaryCard.swift in Sources */,
				5D35172223BE453000894BB8 /* MovieCollection.swift in Sources */,
				5D35171923BE453000894BB8 /* MovieResponse.swift in Sources */,
				5D3516E823B91B3A00894BB8 /* AsyncLoader.swift in Sources */,
				5D35172A23BF3D3C00894BB8 /* AppSecrets.sample.swift in Sources */,
				5D3516E023B91A9E00894BB8 /* PreviewLoader.swift in Sources */,
				5D35174E23C015D400894BB8 /* MovieDetail.swift in Sources */,
				5D3516EC23B91B7F00894BB8 /* ImageResolver.swift in Sources */,
				5D35173D23BFDDAB00894BB8 /* TMDBImages.swift in Sources */,
				5D35175223C0161100894BB8 /* MovieBackdrop.swift in Sources */,
				5D3516E423B91ADD00894BB8 /* ImageLoadable.swift in Sources */,
				5D3516F023B925CF00894BB8 /* MovieRow.swift in Sources */,
				5D35171F23BE453000894BB8 /* PreviewData.swift in Sources */,
				5D3516FD23BB88D000894BB8 /* EnvironmentConfig.swift in Sources */,
				5D35172623BE458600894BB8 /* AppSecrets.swift in Sources */,
				5D35171C23BE453000894BB8 /* Movie.swift in Sources */,
				5D35172E23BF6C9F00894BB8 /* Decoder.swift in Sources */,
				5D9B294A23B610A800589EAB /* ImageLoaderUITests.swift in Sources */,
				5D35174123BFDEA900894BB8 /* TMDBService.swift in Sources */,
				5D35173223BFA7D400894BB8 /* MoviePoster.swift in Sources */,
			);
			runOnlyForDeploymentPostprocessing = 0;
		};
/* End PBXSourcesBuildPhase section */

/* Begin PBXTargetDependency section */
		5D9B293C23B610A800589EAB /* PBXTargetDependency */ = {
			isa = PBXTargetDependency;
			target = 5D9B292323B610A300589EAB /* ImageLoader */;
			targetProxy = 5D9B293B23B610A800589EAB /* PBXContainerItemProxy */;
		};
		5D9B294723B610A800589EAB /* PBXTargetDependency */ = {
			isa = PBXTargetDependency;
			target = 5D9B292323B610A300589EAB /* ImageLoader */;
			targetProxy = 5D9B294623B610A800589EAB /* PBXContainerItemProxy */;
		};
/* End PBXTargetDependency section */

/* Begin PBXVariantGroup section */
		5D9B293223B610A800589EAB /* LaunchScreen.storyboard */ = {
			isa = PBXVariantGroup;
			children = (
				5D9B293323B610A800589EAB /* Base */,
			);
			name = LaunchScreen.storyboard;
			sourceTree = "<group>";
		};
/* End PBXVariantGroup section */

/* Begin XCBuildConfiguration section */
		5D9B294C23B610A800589EAB /* Debug */ = {
			isa = XCBuildConfiguration;
			buildSettings = {
				ALWAYS_SEARCH_USER_PATHS = NO;
				CLANG_ANALYZER_NONNULL = YES;
				CLANG_ANALYZER_NUMBER_OBJECT_CONVERSION = YES_AGGRESSIVE;
				CLANG_CXX_LANGUAGE_STANDARD = "gnu++14";
				CLANG_CXX_LIBRARY = "libc++";
				CLANG_ENABLE_MODULES = YES;
				CLANG_ENABLE_OBJC_ARC = YES;
				CLANG_ENABLE_OBJC_WEAK = YES;
				CLANG_WARN_BLOCK_CAPTURE_AUTORELEASING = YES;
				CLANG_WARN_BOOL_CONVERSION = YES;
				CLANG_WARN_COMMA = YES;
				CLANG_WARN_CONSTANT_CONVERSION = YES;
				CLANG_WARN_DEPRECATED_OBJC_IMPLEMENTATIONS = YES;
				CLANG_WARN_DIRECT_OBJC_ISA_USAGE = YES_ERROR;
				CLANG_WARN_DOCUMENTATION_COMMENTS = YES;
				CLANG_WARN_EMPTY_BODY = YES;
				CLANG_WARN_ENUM_CONVERSION = YES;
				CLANG_WARN_INFINITE_RECURSION = YES;
				CLANG_WARN_INT_CONVERSION = YES;
				CLANG_WARN_NON_LITERAL_NULL_CONVERSION = YES;
				CLANG_WARN_OBJC_IMPLICIT_RETAIN_SELF = YES;
				CLANG_WARN_OBJC_LITERAL_CONVERSION = YES;
				CLANG_WARN_OBJC_ROOT_CLASS = YES_ERROR;
				CLANG_WARN_RANGE_LOOP_ANALYSIS = YES;
				CLANG_WARN_STRICT_PROTOTYPES = YES;
				CLANG_WARN_SUSPICIOUS_MOVE = YES;
				CLANG_WARN_UNGUARDED_AVAILABILITY = YES_AGGRESSIVE;
				CLANG_WARN_UNREACHABLE_CODE = YES;
				CLANG_WARN__DUPLICATE_METHOD_MATCH = YES;
				COPY_PHASE_STRIP = NO;
				DEBUG_INFORMATION_FORMAT = dwarf;
				ENABLE_STRICT_OBJC_MSGSEND = YES;
				ENABLE_TESTABILITY = YES;
				GCC_C_LANGUAGE_STANDARD = gnu11;
				GCC_DYNAMIC_NO_PIC = NO;
				GCC_NO_COMMON_BLOCKS = YES;
				GCC_OPTIMIZATION_LEVEL = 0;
				GCC_PREPROCESSOR_DEFINITIONS = (
					"DEBUG=1",
					"$(inherited)",
				);
				GCC_WARN_64_TO_32_BIT_CONVERSION = YES;
				GCC_WARN_ABOUT_RETURN_TYPE = YES_ERROR;
				GCC_WARN_UNDECLARED_SELECTOR = YES;
				GCC_WARN_UNINITIALIZED_AUTOS = YES_AGGRESSIVE;
				GCC_WARN_UNUSED_FUNCTION = YES;
				GCC_WARN_UNUSED_VARIABLE = YES;
				IPHONEOS_DEPLOYMENT_TARGET = 13.2;
				MTL_ENABLE_DEBUG_INFO = INCLUDE_SOURCE;
				MTL_FAST_MATH = YES;
				ONLY_ACTIVE_ARCH = YES;
				SDKROOT = iphoneos;
				SWIFT_ACTIVE_COMPILATION_CONDITIONS = DEBUG;
				SWIFT_OPTIMIZATION_LEVEL = "-Onone";
			};
			name = Debug;
		};
		5D9B294D23B610A800589EAB /* Release */ = {
			isa = XCBuildConfiguration;
			buildSettings = {
				ALWAYS_SEARCH_USER_PATHS = NO;
				CLANG_ANALYZER_NONNULL = YES;
				CLANG_ANALYZER_NUMBER_OBJECT_CONVERSION = YES_AGGRESSIVE;
				CLANG_CXX_LANGUAGE_STANDARD = "gnu++14";
				CLANG_CXX_LIBRARY = "libc++";
				CLANG_ENABLE_MODULES = YES;
				CLANG_ENABLE_OBJC_ARC = YES;
				CLANG_ENABLE_OBJC_WEAK = YES;
				CLANG_WARN_BLOCK_CAPTURE_AUTORELEASING = YES;
				CLANG_WARN_BOOL_CONVERSION = YES;
				CLANG_WARN_COMMA = YES;
				CLANG_WARN_CONSTANT_CONVERSION = YES;
				CLANG_WARN_DEPRECATED_OBJC_IMPLEMENTATIONS = YES;
				CLANG_WARN_DIRECT_OBJC_ISA_USAGE = YES_ERROR;
				CLANG_WARN_DOCUMENTATION_COMMENTS = YES;
				CLANG_WARN_EMPTY_BODY = YES;
				CLANG_WARN_ENUM_CONVERSION = YES;
				CLANG_WARN_INFINITE_RECURSION = YES;
				CLANG_WARN_INT_CONVERSION = YES;
				CLANG_WARN_NON_LITERAL_NULL_CONVERSION = YES;
				CLANG_WARN_OBJC_IMPLICIT_RETAIN_SELF = YES;
				CLANG_WARN_OBJC_LITERAL_CONVERSION = YES;
				CLANG_WARN_OBJC_ROOT_CLASS = YES_ERROR;
				CLANG_WARN_RANGE_LOOP_ANALYSIS = YES;
				CLANG_WARN_STRICT_PROTOTYPES = YES;
				CLANG_WARN_SUSPICIOUS_MOVE = YES;
				CLANG_WARN_UNGUARDED_AVAILABILITY = YES_AGGRESSIVE;
				CLANG_WARN_UNREACHABLE_CODE = YES;
				CLANG_WARN__DUPLICATE_METHOD_MATCH = YES;
				COPY_PHASE_STRIP = NO;
				DEBUG_INFORMATION_FORMAT = "dwarf-with-dsym";
				ENABLE_NS_ASSERTIONS = NO;
				ENABLE_STRICT_OBJC_MSGSEND = YES;
				GCC_C_LANGUAGE_STANDARD = gnu11;
				GCC_NO_COMMON_BLOCKS = YES;
				GCC_WARN_64_TO_32_BIT_CONVERSION = YES;
				GCC_WARN_ABOUT_RETURN_TYPE = YES_ERROR;
				GCC_WARN_UNDECLARED_SELECTOR = YES;
				GCC_WARN_UNINITIALIZED_AUTOS = YES_AGGRESSIVE;
				GCC_WARN_UNUSED_FUNCTION = YES;
				GCC_WARN_UNUSED_VARIABLE = YES;
				IPHONEOS_DEPLOYMENT_TARGET = 13.2;
				MTL_ENABLE_DEBUG_INFO = NO;
				MTL_FAST_MATH = YES;
				SDKROOT = iphoneos;
				SWIFT_COMPILATION_MODE = wholemodule;
				SWIFT_OPTIMIZATION_LEVEL = "-O";
				VALIDATE_PRODUCT = YES;
			};
			name = Release;
		};
		5D9B294F23B610A800589EAB /* Debug */ = {
			isa = XCBuildConfiguration;
			buildSettings = {
				ASSETCATALOG_COMPILER_APPICON_NAME = AppIcon;
				CODE_SIGN_STYLE = Automatic;
				DEVELOPMENT_ASSET_PATHS = "ImageLoader/Preview\\ Content";
				ENABLE_PREVIEWS = YES;
				INFOPLIST_FILE = ImageLoader/Info.plist;
				LD_RUNPATH_SEARCH_PATHS = (
					"$(inherited)",
					"@executable_path/Frameworks",
				);
				PRODUCT_BUNDLE_IDENTIFIER = com.codingventures.ImageLoader;
				PRODUCT_NAME = "$(TARGET_NAME)";
				SWIFT_VERSION = 5.0;
				TARGETED_DEVICE_FAMILY = "1,2";
			};
			name = Debug;
		};
		5D9B295023B610A800589EAB /* Release */ = {
			isa = XCBuildConfiguration;
			buildSettings = {
				ASSETCATALOG_COMPILER_APPICON_NAME = AppIcon;
				CODE_SIGN_STYLE = Automatic;
				DEVELOPMENT_ASSET_PATHS = "ImageLoader/Preview\\ Content";
				ENABLE_PREVIEWS = YES;
				INFOPLIST_FILE = ImageLoader/Info.plist;
				LD_RUNPATH_SEARCH_PATHS = (
					"$(inherited)",
					"@executable_path/Frameworks",
				);
				PRODUCT_BUNDLE_IDENTIFIER = com.codingventures.ImageLoader;
				PRODUCT_NAME = "$(TARGET_NAME)";
				SWIFT_VERSION = 5.0;
				TARGETED_DEVICE_FAMILY = "1,2";
			};
			name = Release;
		};
		5D9B295223B610A800589EAB /* Debug */ = {
			isa = XCBuildConfiguration;
			buildSettings = {
				ALWAYS_EMBED_SWIFT_STANDARD_LIBRARIES = YES;
				BUNDLE_LOADER = "$(TEST_HOST)";
				CODE_SIGN_STYLE = Automatic;
				INFOPLIST_FILE = ImageLoaderTests/Info.plist;
				IPHONEOS_DEPLOYMENT_TARGET = 13.2;
				LD_RUNPATH_SEARCH_PATHS = (
					"$(inherited)",
					"@executable_path/Frameworks",
					"@loader_path/Frameworks",
				);
				PRODUCT_BUNDLE_IDENTIFIER = com.codingventures.ImageLoaderTests;
				PRODUCT_NAME = "$(TARGET_NAME)";
				SWIFT_VERSION = 5.0;
				TARGETED_DEVICE_FAMILY = "1,2";
				TEST_HOST = "$(BUILT_PRODUCTS_DIR)/ImageLoader.app/ImageLoader";
			};
			name = Debug;
		};
		5D9B295323B610A800589EAB /* Release */ = {
			isa = XCBuildConfiguration;
			buildSettings = {
				ALWAYS_EMBED_SWIFT_STANDARD_LIBRARIES = YES;
				BUNDLE_LOADER = "$(TEST_HOST)";
				CODE_SIGN_STYLE = Automatic;
				INFOPLIST_FILE = ImageLoaderTests/Info.plist;
				IPHONEOS_DEPLOYMENT_TARGET = 13.2;
				LD_RUNPATH_SEARCH_PATHS = (
					"$(inherited)",
					"@executable_path/Frameworks",
					"@loader_path/Frameworks",
				);
				PRODUCT_BUNDLE_IDENTIFIER = com.codingventures.ImageLoaderTests;
				PRODUCT_NAME = "$(TARGET_NAME)";
				SWIFT_VERSION = 5.0;
				TARGETED_DEVICE_FAMILY = "1,2";
				TEST_HOST = "$(BUILT_PRODUCTS_DIR)/ImageLoader.app/ImageLoader";
			};
			name = Release;
		};
		5D9B295523B610A800589EAB /* Debug */ = {
			isa = XCBuildConfiguration;
			buildSettings = {
				ALWAYS_EMBED_SWIFT_STANDARD_LIBRARIES = YES;
				CODE_SIGN_STYLE = Automatic;
				INFOPLIST_FILE = ImageLoaderUITests/Info.plist;
				LD_RUNPATH_SEARCH_PATHS = (
					"$(inherited)",
					"@executable_path/Frameworks",
					"@loader_path/Frameworks",
				);
				PRODUCT_BUNDLE_IDENTIFIER = com.codingventures.ImageLoaderUITests;
				PRODUCT_NAME = "$(TARGET_NAME)";
				SWIFT_VERSION = 5.0;
				TARGETED_DEVICE_FAMILY = "1,2";
				TEST_TARGET_NAME = ImageLoader;
			};
			name = Debug;
		};
		5D9B295623B610A800589EAB /* Release */ = {
			isa = XCBuildConfiguration;
			buildSettings = {
				ALWAYS_EMBED_SWIFT_STANDARD_LIBRARIES = YES;
				CODE_SIGN_STYLE = Automatic;
				INFOPLIST_FILE = ImageLoaderUITests/Info.plist;
				LD_RUNPATH_SEARCH_PATHS = (
					"$(inherited)",
					"@executable_path/Frameworks",
					"@loader_path/Frameworks",
				);
				PRODUCT_BUNDLE_IDENTIFIER = com.codingventures.ImageLoaderUITests;
				PRODUCT_NAME = "$(TARGET_NAME)";
				SWIFT_VERSION = 5.0;
				TARGETED_DEVICE_FAMILY = "1,2";
				TEST_TARGET_NAME = ImageLoader;
			};
			name = Release;
		};
/* End XCBuildConfiguration section */

/* Begin XCConfigurationList section */
		5D9B291F23B610A300589EAB /* Build configuration list for PBXProject "ImageLoader" */ = {
			isa = XCConfigurationList;
			buildConfigurations = (
				5D9B294C23B610A800589EAB /* Debug */,
				5D9B294D23B610A800589EAB /* Release */,
			);
			defaultConfigurationIsVisible = 0;
			defaultConfigurationName = Release;
		};
		5D9B294E23B610A800589EAB /* Build configuration list for PBXNativeTarget "ImageLoader" */ = {
			isa = XCConfigurationList;
			buildConfigurations = (
				5D9B294F23B610A800589EAB /* Debug */,
				5D9B295023B610A800589EAB /* Release */,
			);
			defaultConfigurationIsVisible = 0;
			defaultConfigurationName = Release;
		};
		5D9B295123B610A800589EAB /* Build configuration list for PBXNativeTarget "ImageLoaderTests" */ = {
			isa = XCConfigurationList;
			buildConfigurations = (
				5D9B295223B610A800589EAB /* Debug */,
				5D9B295323B610A800589EAB /* Release */,
			);
			defaultConfigurationIsVisible = 0;
			defaultConfigurationName = Release;
		};
		5D9B295423B610A800589EAB /* Build configuration list for PBXNativeTarget "ImageLoaderUITests" */ = {
			isa = XCConfigurationList;
			buildConfigurations = (
				5D9B295523B610A800589EAB /* Debug */,
				5D9B295623B610A800589EAB /* Release */,
			);
			defaultConfigurationIsVisible = 0;
			defaultConfigurationName = Release;
		};
/* End XCConfigurationList section */
	};
	rootObject = 5D9B291C23B610A300589EAB /* Project object */;
}
